
Microsoft Visual Studio Solution File, Format Version 12.00
# Visual Studio 15
VisualStudioVersion = 15.0.27130.2027
MinimumVisualStudioVersion = 10.0.40219.1
Project("{FAE04EC0-301F-11D3-BF4B-00C04F79EFBC}") = "WPFAspire.BusinessInterfaces", "WPFAspire.BusinessInterfaces\WPFAspire.BusinessInterfaces.csproj", "{5D7F3E38-D9BD-4971-B8FA-B4100672B37E}"
EndProject
Project("{FAE04EC0-301F-11D3-BF4B-00C04F79EFBC}") = "WPFAspire.BusinessLogic", "WPFAspire.BusinessLogic\WPFAspire.BusinessLogic.csproj", "{0B8264CA-CFD2-424B-8ED2-51E9ACE95786}"
EndProject
Project("{FAE04EC0-301F-11D3-BF4B-00C04F79EFBC}") = "WPFAspire.UI", "WPFAspire.UI\WPFAspire.UI.csproj", "{ADF67389-D934-4B61-93EA-050B524E8E95}"
EndProject
Project("{2150E333-8FDC-42A3-9474-1A3956D46DE8}") = "Tests", "Tests", "{6B662CDE-614A-4D09-A593-F3AB39713B52}"
EndProject
Project("{FAE04EC0-301F-11D3-BF4B-00C04F79EFBC}") = "WPFAspire.BusinessLogic.Tests", "WPFAspire.BusinessLogic.Tests\WPFAspire.BusinessLogic.Tests.csproj", "{3AE88427-CB09-4689-876A-E185BD2216AA}"
EndProject
Project("{FAE04EC0-301F-11D3-BF4B-00C04F79EFBC}") = "WPFAspire.WebApi.Tests", "WPFAspire.WebApi.Tests\WPFAspire.WebApi.Tests.csproj", "{2D1B0FA9-D7CC-4ACE-9F92-9713CE64C2EA}"
EndProject
Project("{FAE04EC0-301F-11D3-BF4B-00C04F79EFBC}") = "WPFAspire.Database", "WPFAspire.Database\WPFAspire.Database.csproj", "{3F34E216-7573-41F0-A827-A17C222E9E36}"
EndProject
Project("{FAE04EC0-301F-11D3-BF4B-00C04F79EFBC}") = "WPFAspire.WebApi", "WPFAspire.WebApi\WPFAspire.WebApi.csproj", "{2BF874F0-EA14-4A24-BE33-4C2A4DC0BAB2}"
EndProject
Global
	GlobalSection(SolutionConfigurationPlatforms) = preSolution
		Debug|Any CPU = Debug|Any CPU
		Release|Any CPU = Release|Any CPU
	EndGlobalSection
	GlobalSection(ProjectConfigurationPlatforms) = postSolution
		{5D7F3E38-D9BD-4971-B8FA-B4100672B37E}.Debug|Any CPU.ActiveCfg = Debug|Any CPU
		{5D7F3E38-D9BD-4971-B8FA-B4100672B37E}.Debug|Any CPU.Build.0 = Debug|Any CPU
		{5D7F3E38-D9BD-4971-B8FA-B4100672B37E}.Release|Any CPU.ActiveCfg = Release|Any CPU
		{5D7F3E38-D9BD-4971-B8FA-B4100672B37E}.Release|Any CPU.Build.0 = Release|Any CPU
		{0B8264CA-CFD2-424B-8ED2-51E9ACE95786}.Debug|Any CPU.ActiveCfg = Debug|Any CPU
		{0B8264CA-CFD2-424B-8ED2-51E9ACE95786}.Debug|Any CPU.Build.0 = Debug|Any CPU
		{0B8264CA-CFD2-424B-8ED2-51E9ACE95786}.Release|Any CPU.ActiveCfg = Release|Any CPU
		{0B8264CA-CFD2-424B-8ED2-51E9ACE95786}.Release|Any CPU.Build.0 = Release|Any CPU
		{ADF67389-D934-4B61-93EA-050B524E8E95}.Debug|Any CPU.ActiveCfg = Debug|Any CPU
		{ADF67389-D934-4B61-93EA-050B524E8E95}.Debug|Any CPU.Build.0 = Debug|Any CPU
		{ADF67389-D934-4B61-93EA-050B524E8E95}.Release|Any CPU.ActiveCfg = Release|Any CPU
		{ADF67389-D934-4B61-93EA-050B524E8E95}.Release|Any CPU.Build.0 = Release|Any CPU
		{3AE88427-CB09-4689-876A-E185BD2216AA}.Debug|Any CPU.ActiveCfg = Debug|Any CPU
		{3AE88427-CB09-4689-876A-E185BD2216AA}.Debug|Any CPU.Build.0 = Debug|Any CPU
		{3AE88427-CB09-4689-876A-E185BD2216AA}.Release|Any CPU.ActiveCfg = Release|Any CPU
		{3AE88427-CB09-4689-876A-E185BD2216AA}.Release|Any CPU.Build.0 = Release|Any CPU
		{2D1B0FA9-D7CC-4ACE-9F92-9713CE64C2EA}.Debug|Any CPU.ActiveCfg = Debug|Any CPU
		{2D1B0FA9-D7CC-4ACE-9F92-9713CE64C2EA}.Debug|Any CPU.Build.0 = Debug|Any CPU
		{2D1B0FA9-D7CC-4ACE-9F92-9713CE64C2EA}.Release|Any CPU.ActiveCfg = Release|Any CPU
		{2D1B0FA9-D7CC-4ACE-9F92-9713CE64C2EA}.Release|Any CPU.Build.0 = Release|Any CPU
		{3F34E216-7573-41F0-A827-A17C222E9E36}.Debug|Any CPU.ActiveCfg = Debug|Any CPU
		{3F34E216-7573-41F0-A827-A17C222E9E36}.Debug|Any CPU.Build.0 = Debug|Any CPU
		{3F34E216-7573-41F0-A827-A17C222E9E36}.Release|Any CPU.ActiveCfg = Release|Any CPU
		{3F34E216-7573-41F0-A827-A17C222E9E36}.Release|Any CPU.Build.0 = Release|Any CPU
		{2BF874F0-EA14-4A24-BE33-4C2A4DC0BAB2}.Debug|Any CPU.ActiveCfg = Debug|Any CPU
		{2BF874F0-EA14-4A24-BE33-4C2A4DC0BAB2}.Debug|Any CPU.Build.0 = Debug|Any CPU
		{2BF874F0-EA14-4A24-BE33-4C2A4DC0BAB2}.Release|Any CPU.ActiveCfg = Release|Any CPU
		{2BF874F0-EA14-4A24-BE33-4C2A4DC0BAB2}.Release|Any CPU.Build.0 = Release|Any CPU
	EndGlobalSection
	GlobalSection(SolutionProperties) = preSolution
		HideSolutionNode = FALSE
	EndGlobalSection
	GlobalSection(NestedProjects) = preSolution
		{3AE88427-CB09-4689-876A-E185BD2216AA} = {6B662CDE-614A-4D09-A593-F3AB39713B52}
		{2D1B0FA9-D7CC-4ACE-9F92-9713CE64C2EA} = {6B662CDE-614A-4D09-A593-F3AB39713B52}
	EndGlobalSection
	GlobalSection(ExtensibilityGlobals) = postSolution
		SolutionGuid = {0216E67F-8055-4274-8477-EE5C954B761D}
	EndGlobalSection
EndGlobal
